
Microsoft Visual Studio Solution File, Format Version 12.00
# Visual Studio Version 16
VisualStudioVersion = 16.0.29025.244
MinimumVisualStudioVersion = 10.0.40219.1
Project("{2150E333-8FDC-42A3-9474-1A3956D46DE8}") = "src", "src", "{F1CDAF38-84B4-4768-8E5D-B4539EAE6D81}"
EndProject
Project("{2150E333-8FDC-42A3-9474-1A3956D46DE8}") = "lib", "lib", "{888A89FB-C29D-4442-87EB-86BA045BC7E2}"
EndProject
Project("{2150E333-8FDC-42A3-9474-1A3956D46DE8}") = "build", "build", "{80A0A3B0-31A9-4313-8103-B7BE04883AA2}"
EndProject
Project("{9A19103F-16F7-4668-BE54-9A1E7A4F7556}") = "TSClientGenerator", "src\backend\build\TSClientGenerator\TSClientGenerator.csproj", "{E3D1C62B-1E51-4E16-B9FE-4CE933A2176E}"
EndProject
Project("{2150E333-8FDC-42A3-9474-1A3956D46DE8}") = "factory", "factory", "{1703799F-402B-47CD-B46B-0E0DFEDAD016}"
EndProject
Project("{2150E333-8FDC-42A3-9474-1A3956D46DE8}") = "sales", "sales", "{57033738-3A77-4FEA-B8D7-B7E2EF8D7ED2}"
EndProject
Project("{2150E333-8FDC-42A3-9474-1A3956D46DE8}") = "shared", "shared", "{CD3EF286-3C8E-4B78-8588-EFE20CC4EE7F}"
EndProject
Project("{9A19103F-16F7-4668-BE54-9A1E7A4F7556}") = "IFPS.Integration.Application", "src\backend\shared\IFPS.Integration.Models\IFPS.Integration.Application.csproj", "{BE3ED363-30E2-45C1-883E-6A371E402DC4}"
EndProject
Project("{9A19103F-16F7-4668-BE54-9A1E7A4F7556}") = "IFPS.Sales.Domain", "src\backend\sales\IFPS.Sales.Domain\IFPS.Sales.Domain.csproj", "{87FF14CD-DB61-4CF4-9CBF-385948E43492}"
EndProject
Project("{9A19103F-16F7-4668-BE54-9A1E7A4F7556}") = "IFPS.Factory.Domain", "src\backend\factory\IFPS.Factory.Domain\IFPS.Factory.Domain.csproj", "{2EF8DB2A-4CB2-4173-B658-7A4B51797DAA}"
EndProject
Project("{9A19103F-16F7-4668-BE54-9A1E7A4F7556}") = "ENCO.DDD", "src\backend\lib\ENCO.DDD\ENCO.DDD.csproj", "{75F88F42-9A25-40C6-9159-2ECD0EA66E92}"
EndProject
Project("{9A19103F-16F7-4668-BE54-9A1E7A4F7556}") = "ENCO.DDD.EntityFrameworkCore.Relational", "src\backend\lib\ENCO.DDD.EntityFrameworkCore.Relational\ENCO.DDD.EntityFrameworkCore.Relational.csproj", "{20616C3C-02BF-4490-B364-2E02419BCC5C}"
EndProject
Project("{9A19103F-16F7-4668-BE54-9A1E7A4F7556}") = "IFPS.Sales.Application", "src\backend\sales\IFPS.Sales.Application\IFPS.Sales.Application.csproj", "{102FD517-0F56-4F83-A65B-045E7CE664D6}"
EndProject
Project("{9A19103F-16F7-4668-BE54-9A1E7A4F7556}") = "IFPS.Sales.API", "src\backend\sales\IFPS.Sales.API\IFPS.Sales.API.csproj", "{F3BA68EF-58BC-4422-A9EC-F20FF9E62409}"
EndProject
Project("{9A19103F-16F7-4668-BE54-9A1E7A4F7556}") = "IFPS.Sales.EF", "src\backend\sales\IFPS.Sales.EF\IFPS.Sales.EF.csproj", "{12BF1791-8749-4687-A4C3-700324BFC219}"
EndProject
Project("{9A19103F-16F7-4668-BE54-9A1E7A4F7556}") = "IFPS.Factory.API", "src\backend\factory\IFPS.Factory.API\IFPS.Factory.API.csproj", "{8D983438-CEAD-494A-AA91-8E2DFA09EB07}"
	ProjectSection(ProjectDependencies) = postProject
		{102FD517-0F56-4F83-A65B-045E7CE664D6} = {102FD517-0F56-4F83-A65B-045E7CE664D6}
		{12BF1791-8749-4687-A4C3-700324BFC219} = {12BF1791-8749-4687-A4C3-700324BFC219}
	EndProjectSection
EndProject
Project("{9A19103F-16F7-4668-BE54-9A1E7A4F7556}") = "IFPS.Factory.EF", "src\backend\factory\IFPS.Factory.EF\IFPS.Factory.EF.csproj", "{815A1AB7-9733-47C5-965F-A3F93CA988D0}"
	ProjectSection(ProjectDependencies) = postProject
		{20616C3C-02BF-4490-B364-2E02419BCC5C} = {20616C3C-02BF-4490-B364-2E02419BCC5C}
		{87FF14CD-DB61-4CF4-9CBF-385948E43492} = {87FF14CD-DB61-4CF4-9CBF-385948E43492}
	EndProjectSection
EndProject
Project("{2150E333-8FDC-42A3-9474-1A3956D46DE8}") = "test", "test", "{5A0E3E2E-E7F3-46C0-B5F3-47867A871B9C}"
EndProject
Project("{9A19103F-16F7-4668-BE54-9A1E7A4F7556}") = "IFPS.Sales.UnitTests", "src\backend\test\IFPS.Sales.UnitTests\IFPS.Sales.UnitTests.csproj", "{5BE90C1C-3A3D-4A05-8916-9692B7EC7BC9}"
EndProject
Project("{9A19103F-16F7-4668-BE54-9A1E7A4F7556}") = "IFPS.Sales.FunctionalTests", "src\backend\test\IFPS.Sales.FunctionalTests\IFPS.Sales.FunctionalTests.csproj", "{38659D3B-2494-4182-B42A-B213187B4005}"
EndProject
Project("{9A19103F-16F7-4668-BE54-9A1E7A4F7556}") = "IFPS.Factory.DataGeneration", "src\backend\factory\IFPS.Factory.DataGeneration\IFPS.Factory.DataGeneration.csproj", "{6C3B78B1-AFCB-414E-8472-241C69482B2A}"
EndProject
Project("{9A19103F-16F7-4668-BE54-9A1E7A4F7556}") = "IFPS.Factory.Application", "src\backend\factory\IFPS.Factory.Application\IFPS.Factory.Application.csproj", "{17FA1D8A-0EE5-4C8C-8B2D-866E3E93670E}"
EndProject
Project("{9A19103F-16F7-4668-BE54-9A1E7A4F7556}") = "IFPS.Factory.FunctionalTests", "src\backend\test\IFPS.Factory.FunctionalTests\IFPS.Factory.FunctionalTests.csproj", "{FD8DB541-F867-4776-98D7-AF9F0A0C1E17}"
EndProject
Project("{9A19103F-16F7-4668-BE54-9A1E7A4F7556}") = "IFPS.Integration.API", "src\backend\shared\IFPS.Integration.API\IFPS.Integration.API.csproj", "{CCC7E6B7-0D81-4DB7-B264-46DF2E2F981B}"
EndProject
Project("{E53339B2-1760-4266-BCC7-CA923CBCF16C}") = "docker-compose", "docker\docker-compose.dcproj", "{F0BFA94C-C182-43DF-B18A-F28273B9A103}"
EndProject
Global
	GlobalSection(SolutionConfigurationPlatforms) = preSolution
		Debug|Any CPU = Debug|Any CPU
		Release|Any CPU = Release|Any CPU
		WebtestRelease|Any CPU = WebtestRelease|Any CPU
	EndGlobalSection
	GlobalSection(ProjectConfigurationPlatforms) = postSolution
		{E3D1C62B-1E51-4E16-B9FE-4CE933A2176E}.Debug|Any CPU.ActiveCfg = Debug|Any CPU
		{E3D1C62B-1E51-4E16-B9FE-4CE933A2176E}.Debug|Any CPU.Build.0 = Debug|Any CPU
		{E3D1C62B-1E51-4E16-B9FE-4CE933A2176E}.Release|Any CPU.ActiveCfg = Release|Any CPU
		{E3D1C62B-1E51-4E16-B9FE-4CE933A2176E}.Release|Any CPU.Build.0 = Release|Any CPU
		{E3D1C62B-1E51-4E16-B9FE-4CE933A2176E}.WebtestRelease|Any CPU.ActiveCfg = WebtestRelease|Any CPU
		{E3D1C62B-1E51-4E16-B9FE-4CE933A2176E}.WebtestRelease|Any CPU.Build.0 = WebtestRelease|Any CPU
		{BE3ED363-30E2-45C1-883E-6A371E402DC4}.Debug|Any CPU.ActiveCfg = Debug|Any CPU
		{BE3ED363-30E2-45C1-883E-6A371E402DC4}.Debug|Any CPU.Build.0 = Debug|Any CPU
		{BE3ED363-30E2-45C1-883E-6A371E402DC4}.Release|Any CPU.ActiveCfg = Release|Any CPU
		{BE3ED363-30E2-45C1-883E-6A371E402DC4}.Release|Any CPU.Build.0 = Release|Any CPU
		{BE3ED363-30E2-45C1-883E-6A371E402DC4}.WebtestRelease|Any CPU.ActiveCfg = WebtestRelease|Any CPU
		{BE3ED363-30E2-45C1-883E-6A371E402DC4}.WebtestRelease|Any CPU.Build.0 = WebtestRelease|Any CPU
		{87FF14CD-DB61-4CF4-9CBF-385948E43492}.Debug|Any CPU.ActiveCfg = Debug|Any CPU
		{87FF14CD-DB61-4CF4-9CBF-385948E43492}.Debug|Any CPU.Build.0 = Debug|Any CPU
		{87FF14CD-DB61-4CF4-9CBF-385948E43492}.Release|Any CPU.ActiveCfg = Release|Any CPU
		{87FF14CD-DB61-4CF4-9CBF-385948E43492}.Release|Any CPU.Build.0 = Release|Any CPU
		{87FF14CD-DB61-4CF4-9CBF-385948E43492}.WebtestRelease|Any CPU.ActiveCfg = WebtestRelease|Any CPU
		{87FF14CD-DB61-4CF4-9CBF-385948E43492}.WebtestRelease|Any CPU.Build.0 = WebtestRelease|Any CPU
		{2EF8DB2A-4CB2-4173-B658-7A4B51797DAA}.Debug|Any CPU.ActiveCfg = Debug|Any CPU
		{2EF8DB2A-4CB2-4173-B658-7A4B51797DAA}.Debug|Any CPU.Build.0 = Debug|Any CPU
		{2EF8DB2A-4CB2-4173-B658-7A4B51797DAA}.Release|Any CPU.ActiveCfg = Release|Any CPU
		{2EF8DB2A-4CB2-4173-B658-7A4B51797DAA}.Release|Any CPU.Build.0 = Release|Any CPU
		{2EF8DB2A-4CB2-4173-B658-7A4B51797DAA}.WebtestRelease|Any CPU.ActiveCfg = WebtestRelease|Any CPU
		{2EF8DB2A-4CB2-4173-B658-7A4B51797DAA}.WebtestRelease|Any CPU.Build.0 = WebtestRelease|Any CPU
		{75F88F42-9A25-40C6-9159-2ECD0EA66E92}.Debug|Any CPU.ActiveCfg = Debug|Any CPU
		{75F88F42-9A25-40C6-9159-2ECD0EA66E92}.Debug|Any CPU.Build.0 = Debug|Any CPU
		{75F88F42-9A25-40C6-9159-2ECD0EA66E92}.Release|Any CPU.ActiveCfg = Release|Any CPU
		{75F88F42-9A25-40C6-9159-2ECD0EA66E92}.Release|Any CPU.Build.0 = Release|Any CPU
		{75F88F42-9A25-40C6-9159-2ECD0EA66E92}.WebtestRelease|Any CPU.ActiveCfg = WebtestRelease|Any CPU
		{75F88F42-9A25-40C6-9159-2ECD0EA66E92}.WebtestRelease|Any CPU.Build.0 = WebtestRelease|Any CPU
		{20616C3C-02BF-4490-B364-2E02419BCC5C}.Debug|Any CPU.ActiveCfg = Debug|Any CPU
		{20616C3C-02BF-4490-B364-2E02419BCC5C}.Debug|Any CPU.Build.0 = Debug|Any CPU
		{20616C3C-02BF-4490-B364-2E02419BCC5C}.Release|Any CPU.ActiveCfg = Release|Any CPU
		{20616C3C-02BF-4490-B364-2E02419BCC5C}.Release|Any CPU.Build.0 = Release|Any CPU
		{20616C3C-02BF-4490-B364-2E02419BCC5C}.WebtestRelease|Any CPU.ActiveCfg = WebtestRelease|Any CPU
		{20616C3C-02BF-4490-B364-2E02419BCC5C}.WebtestRelease|Any CPU.Build.0 = WebtestRelease|Any CPU
		{102FD517-0F56-4F83-A65B-045E7CE664D6}.Debug|Any CPU.ActiveCfg = Debug|Any CPU
		{102FD517-0F56-4F83-A65B-045E7CE664D6}.Debug|Any CPU.Build.0 = Debug|Any CPU
		{102FD517-0F56-4F83-A65B-045E7CE664D6}.Release|Any CPU.ActiveCfg = Release|Any CPU
		{102FD517-0F56-4F83-A65B-045E7CE664D6}.Release|Any CPU.Build.0 = Release|Any CPU
		{102FD517-0F56-4F83-A65B-045E7CE664D6}.WebtestRelease|Any CPU.ActiveCfg = WebtestRelease|Any CPU
		{102FD517-0F56-4F83-A65B-045E7CE664D6}.WebtestRelease|Any CPU.Build.0 = WebtestRelease|Any CPU
		{F3BA68EF-58BC-4422-A9EC-F20FF9E62409}.Debug|Any CPU.ActiveCfg = Debug|Any CPU
		{F3BA68EF-58BC-4422-A9EC-F20FF9E62409}.Debug|Any CPU.Build.0 = Debug|Any CPU
		{F3BA68EF-58BC-4422-A9EC-F20FF9E62409}.Release|Any CPU.ActiveCfg = Release|Any CPU
		{F3BA68EF-58BC-4422-A9EC-F20FF9E62409}.Release|Any CPU.Build.0 = Release|Any CPU
		{F3BA68EF-58BC-4422-A9EC-F20FF9E62409}.WebtestRelease|Any CPU.ActiveCfg = WebtestRelease|Any CPU
		{F3BA68EF-58BC-4422-A9EC-F20FF9E62409}.WebtestRelease|Any CPU.Build.0 = WebtestRelease|Any CPU
		{12BF1791-8749-4687-A4C3-700324BFC219}.Debug|Any CPU.ActiveCfg = Debug|Any CPU
		{12BF1791-8749-4687-A4C3-700324BFC219}.Debug|Any CPU.Build.0 = Debug|Any CPU
		{12BF1791-8749-4687-A4C3-700324BFC219}.Release|Any CPU.ActiveCfg = Release|Any CPU
		{12BF1791-8749-4687-A4C3-700324BFC219}.Release|Any CPU.Build.0 = Release|Any CPU
		{12BF1791-8749-4687-A4C3-700324BFC219}.WebtestRelease|Any CPU.ActiveCfg = WebtestRelease|Any CPU
		{12BF1791-8749-4687-A4C3-700324BFC219}.WebtestRelease|Any CPU.Build.0 = WebtestRelease|Any CPU
		{8D983438-CEAD-494A-AA91-8E2DFA09EB07}.Debug|Any CPU.ActiveCfg = Debug|Any CPU
		{8D983438-CEAD-494A-AA91-8E2DFA09EB07}.Debug|Any CPU.Build.0 = Debug|Any CPU
		{8D983438-CEAD-494A-AA91-8E2DFA09EB07}.Release|Any CPU.ActiveCfg = Release|Any CPU
		{8D983438-CEAD-494A-AA91-8E2DFA09EB07}.Release|Any CPU.Build.0 = Release|Any CPU
		{8D983438-CEAD-494A-AA91-8E2DFA09EB07}.WebtestRelease|Any CPU.ActiveCfg = WebtestRelease|Any CPU
		{8D983438-CEAD-494A-AA91-8E2DFA09EB07}.WebtestRelease|Any CPU.Build.0 = WebtestRelease|Any CPU
		{815A1AB7-9733-47C5-965F-A3F93CA988D0}.Debug|Any CPU.ActiveCfg = Debug|Any CPU
		{815A1AB7-9733-47C5-965F-A3F93CA988D0}.Debug|Any CPU.Build.0 = Debug|Any CPU
		{815A1AB7-9733-47C5-965F-A3F93CA988D0}.Release|Any CPU.ActiveCfg = Release|Any CPU
		{815A1AB7-9733-47C5-965F-A3F93CA988D0}.Release|Any CPU.Build.0 = Release|Any CPU
		{815A1AB7-9733-47C5-965F-A3F93CA988D0}.WebtestRelease|Any CPU.ActiveCfg = WebtestRelease|Any CPU
		{815A1AB7-9733-47C5-965F-A3F93CA988D0}.WebtestRelease|Any CPU.Build.0 = WebtestRelease|Any CPU
		{5BE90C1C-3A3D-4A05-8916-9692B7EC7BC9}.Debug|Any CPU.ActiveCfg = Debug|Any CPU
		{5BE90C1C-3A3D-4A05-8916-9692B7EC7BC9}.Debug|Any CPU.Build.0 = Debug|Any CPU
		{5BE90C1C-3A3D-4A05-8916-9692B7EC7BC9}.Release|Any CPU.ActiveCfg = Release|Any CPU
		{5BE90C1C-3A3D-4A05-8916-9692B7EC7BC9}.Release|Any CPU.Build.0 = Release|Any CPU
		{5BE90C1C-3A3D-4A05-8916-9692B7EC7BC9}.WebtestRelease|Any CPU.ActiveCfg = WebtestRelease|Any CPU
		{5BE90C1C-3A3D-4A05-8916-9692B7EC7BC9}.WebtestRelease|Any CPU.Build.0 = WebtestRelease|Any CPU
		{38659D3B-2494-4182-B42A-B213187B4005}.Debug|Any CPU.ActiveCfg = Debug|Any CPU
		{38659D3B-2494-4182-B42A-B213187B4005}.Debug|Any CPU.Build.0 = Debug|Any CPU
		{38659D3B-2494-4182-B42A-B213187B4005}.Release|Any CPU.ActiveCfg = Release|Any CPU
		{38659D3B-2494-4182-B42A-B213187B4005}.Release|Any CPU.Build.0 = Release|Any CPU
		{38659D3B-2494-4182-B42A-B213187B4005}.WebtestRelease|Any CPU.ActiveCfg = WebtestRelease|Any CPU
		{38659D3B-2494-4182-B42A-B213187B4005}.WebtestRelease|Any CPU.Build.0 = WebtestRelease|Any CPU
		{6C3B78B1-AFCB-414E-8472-241C69482B2A}.Debug|Any CPU.ActiveCfg = Debug|Any CPU
		{6C3B78B1-AFCB-414E-8472-241C69482B2A}.Debug|Any CPU.Build.0 = Debug|Any CPU
		{6C3B78B1-AFCB-414E-8472-241C69482B2A}.Release|Any CPU.ActiveCfg = Release|Any CPU
		{6C3B78B1-AFCB-414E-8472-241C69482B2A}.Release|Any CPU.Build.0 = Release|Any CPU
		{6C3B78B1-AFCB-414E-8472-241C69482B2A}.WebtestRelease|Any CPU.ActiveCfg = WebtestRelease|Any CPU
		{6C3B78B1-AFCB-414E-8472-241C69482B2A}.WebtestRelease|Any CPU.Build.0 = WebtestRelease|Any CPU
		{17FA1D8A-0EE5-4C8C-8B2D-866E3E93670E}.Debug|Any CPU.ActiveCfg = Debug|Any CPU
		{17FA1D8A-0EE5-4C8C-8B2D-866E3E93670E}.Debug|Any CPU.Build.0 = Debug|Any CPU
		{17FA1D8A-0EE5-4C8C-8B2D-866E3E93670E}.Release|Any CPU.ActiveCfg = Release|Any CPU
		{17FA1D8A-0EE5-4C8C-8B2D-866E3E93670E}.Release|Any CPU.Build.0 = Release|Any CPU
		{17FA1D8A-0EE5-4C8C-8B2D-866E3E93670E}.WebtestRelease|Any CPU.ActiveCfg = WebtestRelease|Any CPU
		{17FA1D8A-0EE5-4C8C-8B2D-866E3E93670E}.WebtestRelease|Any CPU.Build.0 = WebtestRelease|Any CPU
		{FD8DB541-F867-4776-98D7-AF9F0A0C1E17}.Debug|Any CPU.ActiveCfg = Debug|Any CPU
		{FD8DB541-F867-4776-98D7-AF9F0A0C1E17}.Debug|Any CPU.Build.0 = Debug|Any CPU
		{FD8DB541-F867-4776-98D7-AF9F0A0C1E17}.Release|Any CPU.ActiveCfg = Release|Any CPU
		{FD8DB541-F867-4776-98D7-AF9F0A0C1E17}.Release|Any CPU.Build.0 = Release|Any CPU
		{FD8DB541-F867-4776-98D7-AF9F0A0C1E17}.WebtestRelease|Any CPU.ActiveCfg = WebtestRelease|Any CPU
		{FD8DB541-F867-4776-98D7-AF9F0A0C1E17}.WebtestRelease|Any CPU.Build.0 = WebtestRelease|Any CPU
		{CCC7E6B7-0D81-4DB7-B264-46DF2E2F981B}.Debug|Any CPU.ActiveCfg = Debug|Any CPU
		{CCC7E6B7-0D81-4DB7-B264-46DF2E2F981B}.Debug|Any CPU.Build.0 = Debug|Any CPU
		{CCC7E6B7-0D81-4DB7-B264-46DF2E2F981B}.Release|Any CPU.ActiveCfg = Release|Any CPU
		{CCC7E6B7-0D81-4DB7-B264-46DF2E2F981B}.Release|Any CPU.Build.0 = Release|Any CPU
		{CCC7E6B7-0D81-4DB7-B264-46DF2E2F981B}.WebtestRelease|Any CPU.ActiveCfg = WebtestRelease|Any CPU
		{CCC7E6B7-0D81-4DB7-B264-46DF2E2F981B}.WebtestRelease|Any CPU.Build.0 = WebtestRelease|Any CPU
		{F0BFA94C-C182-43DF-B18A-F28273B9A103}.Debug|Any CPU.ActiveCfg = Debug|Any CPU
		{F0BFA94C-C182-43DF-B18A-F28273B9A103}.Debug|Any CPU.Build.0 = Debug|Any CPU
		{F0BFA94C-C182-43DF-B18A-F28273B9A103}.Release|Any CPU.ActiveCfg = Release|Any CPU
		{F0BFA94C-C182-43DF-B18A-F28273B9A103}.Release|Any CPU.Build.0 = Release|Any CPU
		{F0BFA94C-C182-43DF-B18A-F28273B9A103}.WebtestRelease|Any CPU.ActiveCfg = Release|Any CPU
		{F0BFA94C-C182-43DF-B18A-F28273B9A103}.WebtestRelease|Any CPU.Build.0 = Release|Any CPU
	EndGlobalSection
	GlobalSection(SolutionProperties) = preSolution
		HideSolutionNode = FALSE
	EndGlobalSection
	GlobalSection(NestedProjects) = preSolution
		{E3D1C62B-1E51-4E16-B9FE-4CE933A2176E} = {80A0A3B0-31A9-4313-8103-B7BE04883AA2}
		{1703799F-402B-47CD-B46B-0E0DFEDAD016} = {F1CDAF38-84B4-4768-8E5D-B4539EAE6D81}
		{57033738-3A77-4FEA-B8D7-B7E2EF8D7ED2} = {F1CDAF38-84B4-4768-8E5D-B4539EAE6D81}
		{CD3EF286-3C8E-4B78-8588-EFE20CC4EE7F} = {F1CDAF38-84B4-4768-8E5D-B4539EAE6D81}
		{BE3ED363-30E2-45C1-883E-6A371E402DC4} = {CD3EF286-3C8E-4B78-8588-EFE20CC4EE7F}
		{87FF14CD-DB61-4CF4-9CBF-385948E43492} = {57033738-3A77-4FEA-B8D7-B7E2EF8D7ED2}
		{2EF8DB2A-4CB2-4173-B658-7A4B51797DAA} = {1703799F-402B-47CD-B46B-0E0DFEDAD016}
		{75F88F42-9A25-40C6-9159-2ECD0EA66E92} = {888A89FB-C29D-4442-87EB-86BA045BC7E2}
		{20616C3C-02BF-4490-B364-2E02419BCC5C} = {888A89FB-C29D-4442-87EB-86BA045BC7E2}
		{102FD517-0F56-4F83-A65B-045E7CE664D6} = {57033738-3A77-4FEA-B8D7-B7E2EF8D7ED2}
		{F3BA68EF-58BC-4422-A9EC-F20FF9E62409} = {57033738-3A77-4FEA-B8D7-B7E2EF8D7ED2}
		{12BF1791-8749-4687-A4C3-700324BFC219} = {57033738-3A77-4FEA-B8D7-B7E2EF8D7ED2}
		{8D983438-CEAD-494A-AA91-8E2DFA09EB07} = {1703799F-402B-47CD-B46B-0E0DFEDAD016}
		{815A1AB7-9733-47C5-965F-A3F93CA988D0} = {1703799F-402B-47CD-B46B-0E0DFEDAD016}
		{5BE90C1C-3A3D-4A05-8916-9692B7EC7BC9} = {5A0E3E2E-E7F3-46C0-B5F3-47867A871B9C}
		{38659D3B-2494-4182-B42A-B213187B4005} = {5A0E3E2E-E7F3-46C0-B5F3-47867A871B9C}
		{6C3B78B1-AFCB-414E-8472-241C69482B2A} = {1703799F-402B-47CD-B46B-0E0DFEDAD016}
		{17FA1D8A-0EE5-4C8C-8B2D-866E3E93670E} = {1703799F-402B-47CD-B46B-0E0DFEDAD016}
		{FD8DB541-F867-4776-98D7-AF9F0A0C1E17} = {5A0E3E2E-E7F3-46C0-B5F3-47867A871B9C}
		{CCC7E6B7-0D81-4DB7-B264-46DF2E2F981B} = {CD3EF286-3C8E-4B78-8588-EFE20CC4EE7F}
	EndGlobalSection
	GlobalSection(ExtensibilityGlobals) = postSolution
		SolutionGuid = {CA264D9C-EDFC-4248-999E-6D9DEFF479E2}
	EndGlobalSection
EndGlobal
